
Microsoft Visual Studio Solution File, Format Version 12.00
# Visual Studio Version 17
VisualStudioVersion = 17.9.34728.123
MinimumVisualStudioVersion = 10.0.40219.1
Project("{FAE04EC0-301F-11D3-BF4B-00C04F79EFBC}") = "Assign3WPF", "Assign3WPF\Assign3WPF.csproj", "{641E7C5F-A46D-4F5F-BD1E-CF3FB1E8907B}"
EndProject
Global
	GlobalSection(SolutionConfigurationPlatforms) = preSolution
		Debug|Any CPU = Debug|Any CPU
		Release|Any CPU = Release|Any CPU
	EndGlobalSection
	GlobalSection(ProjectConfigurationPlatforms) = postSolution
		{641E7C5F-A46D-4F5F-BD1E-CF3FB1E8907B}.Debug|Any CPU.ActiveCfg = Debug|Any CPU
		{641E7C5F-A46D-4F5F-BD1E-CF3FB1E8907B}.Debug|Any CPU.Build.0 = Debug|Any CPU
		{641E7C5F-A46D-4F5F-BD1E-CF3FB1E8907B}.Release|Any CPU.ActiveCfg = Release|Any CPU
		{641E7C5F-A46D-4F5F-BD1E-CF3FB1E8907B}.Release|Any CPU.Build.0 = Release|Any CPU
	EndGlobalSection
	GlobalSection(SolutionProperties) = preSolution
		HideSolutionNode = FALSE
	EndGlobalSection
	GlobalSection(ExtensibilityGlobals) = postSolution
		SolutionGuid = {CD585635-7CDF-4F17-A6BB-E579B84674FB}
	EndGlobalSection
EndGlobal
